
Microsoft Visual Studio Solution File, Format Version 12.00
# Visual Studio Version 16
VisualStudioVersion = 16.0.31515.178
MinimumVisualStudioVersion = 10.0.40219.1
Project("{9A19103F-16F7-4668-BE54-9A1E7A4F7556}") = "WeiChengLin.MVC.HotelManagementSystem", "WeiChengLin.MVC.HotelManagementSystem\WeiChengLin.MVC.HotelManagementSystem.csproj", "{E4D0BC72-B410-48F2-BA86-2717708BA359}"
EndProject
Project("{9A19103F-16F7-4668-BE54-9A1E7A4F7556}") = "ApplicationCore", "ApplicationCore\ApplicationCore.csproj", "{11BD680A-9F52-4AE3-94DB-A09F02965884}"
EndProject
Project("{9A19103F-16F7-4668-BE54-9A1E7A4F7556}") = "Infrastructure", "Infrastructure\Infrastructure.csproj", "{D0E88A43-E5BA-4414-97E6-C366DC79A496}"
EndProject
Project("{9A19103F-16F7-4668-BE54-9A1E7A4F7556}") = "WeiChengLin.API.HotelManagementSystem", "WeiChengLin.API.HotelManagementSystem\WeiChengLin.API.HotelManagementSystem.csproj", "{A9FE5154-D4C4-45C6-81A7-7D6D42ECE7F2}"
EndProject
Global
	GlobalSection(SolutionConfigurationPlatforms) = preSolution
		Debug|Any CPU = Debug|Any CPU
		Release|Any CPU = Release|Any CPU
	EndGlobalSection
	GlobalSection(ProjectConfigurationPlatforms) = postSolution
		{E4D0BC72-B410-48F2-BA86-2717708BA359}.Debug|Any CPU.ActiveCfg = Debug|Any CPU
		{E4D0BC72-B410-48F2-BA86-2717708BA359}.Debug|Any CPU.Build.0 = Debug|Any CPU
		{E4D0BC72-B410-48F2-BA86-2717708BA359}.Release|Any CPU.ActiveCfg = Release|Any CPU
		{E4D0BC72-B410-48F2-BA86-2717708BA359}.Release|Any CPU.Build.0 = Release|Any CPU
		{11BD680A-9F52-4AE3-94DB-A09F02965884}.Debug|Any CPU.ActiveCfg = Debug|Any CPU
		{11BD680A-9F52-4AE3-94DB-A09F02965884}.Debug|Any CPU.Build.0 = Debug|Any CPU
		{11BD680A-9F52-4AE3-94DB-A09F02965884}.Release|Any CPU.ActiveCfg = Release|Any CPU
		{11BD680A-9F52-4AE3-94DB-A09F02965884}.Release|Any CPU.Build.0 = Release|Any CPU
		{D0E88A43-E5BA-4414-97E6-C366DC79A496}.Debug|Any CPU.ActiveCfg = Debug|Any CPU
		{D0E88A43-E5BA-4414-97E6-C366DC79A496}.Debug|Any CPU.Build.0 = Debug|Any CPU
		{D0E88A43-E5BA-4414-97E6-C366DC79A496}.Release|Any CPU.ActiveCfg = Release|Any CPU
		{D0E88A43-E5BA-4414-97E6-C366DC79A496}.Release|Any CPU.Build.0 = Release|Any CPU
		{A9FE5154-D4C4-45C6-81A7-7D6D42ECE7F2}.Debug|Any CPU.ActiveCfg = Debug|Any CPU
		{A9FE5154-D4C4-45C6-81A7-7D6D42ECE7F2}.Debug|Any CPU.Build.0 = Debug|Any CPU
		{A9FE5154-D4C4-45C6-81A7-7D6D42ECE7F2}.Release|Any CPU.ActiveCfg = Release|Any CPU
		{A9FE5154-D4C4-45C6-81A7-7D6D42ECE7F2}.Release|Any CPU.Build.0 = Release|Any CPU
	EndGlobalSection
	GlobalSection(SolutionProperties) = preSolution
		HideSolutionNode = FALSE
	EndGlobalSection
	GlobalSection(ExtensibilityGlobals) = postSolution
		SolutionGuid = {832E64B0-5C5B-4938-8B0F-5CBB096A9223}
	EndGlobalSection
EndGlobal
